<?xml version="1.0" encoding="utf-8"?>
<Project ToolsVersion="4.0" xmlns="http://schemas.microsoft.com/developer/msbuild/2003">
  <ItemGroup>
    <ApplicationDefinition Include="App.xaml" />
  </ItemGroup>
  <ItemGroup>
    <Page Include="MainWindow.xaml" />
    <Page Include="Pages\MainPage.xaml">
      <Filter>Pages</Filter>
    </Page>
    <Page Include="Pages\PlaylistPage.xaml">
      <Filter>Pages</Filter>
    </Page>
  </ItemGroup>
  <ItemGroup>
    <Midl Include="MainWindow.idl" />
    <Midl Include="Services\MediaMetadata.idl">
      <Filter>Services</Filter>
    </Midl>
    <Midl Include="Services\DurationToStringConverter.idl">
      <Filter>Services</Filter>
    </Midl>
  </ItemGroup>
  <ItemGroup>
    <ClCompile Include="pch.cpp" />
    <ClCompile Include="$(GeneratedFilesDir)module.g.cpp" />
    <ClCompile Include="Services\PlayerService.cpp">
      <Filter>Services</Filter>
    </ClCompile>
    <ClCompile Include="Media\MediaEngineWrapper.cpp">
      <Filter>Media</Filter>
    </ClCompile>
    <ClCompile Include="Media\MediaEngineExtension.cpp">
      <Filter>Media</Filter>
    </ClCompile>
    <ClCompile Include="Media\MediaFoundationSourceWrapper.cpp">
      <Filter>Media</Filter>
    </ClCompile>
    <ClCompile Include="Media\MediaFoundationStreamWrapper.cpp">
      <Filter>Media</Filter>
    </ClCompile>
    <ClCompile Include="Media\MediaEngineNotifyImpl.cpp">
      <Filter>Media</Filter>
    </ClCompile>
    <ClCompile Include="Services\DurationToStringConverter.cpp" />
  </ItemGroup>
  <ItemGroup>
    <ClInclude Include="pch.h" />
    <ClInclude Include="Services\PlayerService.h">
      <Filter>Services</Filter>
    </ClInclude>
    <ClInclude Include="Media\MediaEngineWrapper.h">
      <Filter>Media</Filter>
    </ClInclude>
    <ClInclude Include="Media\MediaEngineExtension.h">
      <Filter>Media</Filter>
    </ClInclude>
    <ClInclude Include="Media\MediaFoundationSourceWrapper.h">
      <Filter>Media</Filter>
    </ClInclude>
    <ClInclude Include="Media\MediaFoundationStreamWrapper.h">
      <Filter>Media</Filter>
    </ClInclude>
    <ClInclude Include="Media\MediaEngineNotifyImpl.h">
      <Filter>Media</Filter>
    </ClInclude>
    <ClInclude Include="Services\DurationToStringConverter.h" />
  </ItemGroup>
  <ItemGroup>
    <Image Include="Assets\Wide310x150Logo.scale-200.png">
      <Filter>Assets</Filter>
    </Image>
    <Image Include="Assets\StoreLogo.png">
      <Filter>Assets</Filter>
    </Image>
    <Image Include="Assets\Square150x150Logo.scale-200.png">
      <Filter>Assets</Filter>
    </Image>
    <Image Include="Assets\Square44x44Logo.targetsize-24_altform-unplated.png">
      <Filter>Assets</Filter>
    </Image>
    <Image Include="Assets\Square44x44Logo.scale-200.png">
      <Filter>Assets</Filter>
    </Image>
    <Image Include="Assets\SplashScreen.scale-200.png">
      <Filter>Assets</Filter>
    </Image>
    <Image Include="Assets\LockScreenLogo.scale-200.png">
      <Filter>Assets</Filter>
    </Image>
    <Image Include="Assets\RightSkipIcon.png">
      <Filter>Assets</Filter>
    </Image>
    <Image Include="Assets\PlayIcon.png">
      <Filter>Assets</Filter>
    </Image>
    <Image Include="Assets\PauseIcon.png">
      <Filter>Assets</Filter>
    </Image>
    <Image Include="Assets\LeftSkipIcon.png">
      <Filter>Assets</Filter>
    </Image>
  </ItemGroup>
  <ItemGroup>
    <Filter Include="Assets">
      <UniqueIdentifier>{46508b76-36b6-44b4-82f0-3443e8b5401e}</UniqueIdentifier>
    </Filter>
    <Filter Include="Pages">
      <UniqueIdentifier>{694894a6-3cc9-4f45-b2d6-d171d48b7143}</UniqueIdentifier>
    </Filter>
    <Filter Include="Services">
      <UniqueIdentifier>{5eb1d097-c39b-4b4c-8b04-3924927a145d}</UniqueIdentifier>
    </Filter>
    <Filter Include="Media">
      <UniqueIdentifier>{471ae2cf-0051-4778-946b-200d4e83be82}</UniqueIdentifier>
    </Filter>
  </ItemGroup>
  <ItemGroup>
    <Manifest Include="app.manifest" />
  </ItemGroup>
  <ItemGroup>
    <AppxManifest Include="Package.appxmanifest" />
  </ItemGroup>
  <ItemGroup>
    <None Include="packages.config" />
  </ItemGroup>
  <ItemGroup>
    <Natvis Include="$(MSBuildThisFileDirectory)..\..\natvis\wil.natvis" />
  </ItemGroup>
</Project>