<?xml version="1.0" encoding="utf-8"?>
<Project ToolsVersion="4.0" xmlns="http://schemas.microsoft.com/developer/msbuild/2003">
  <ItemGroup>
    <ApplicationDefinition Include="App.xaml" />
  </ItemGroup>
  <ItemGroup>
    <Page Include="MainWindow.xaml" />
    <Page Include="Pages\MainPage.xaml">
      <Filter>Pages</Filter>
    </Page>
    <Page Include="Controls\MenuBarControl.xaml">
      <Filter>Controls</Filter>
    </Page>
    <Page Include="Pages\PlaylistPage.xaml">
      <Filter>Pages</Filter>
    </Page>
    <Page Include="Pages\RecorderWindow.xaml">
      <Filter>Pages</Filter>
    </Page>
    <Page Include="Pages\PiPWindow.xaml" />
  </ItemGroup>
  <ItemGroup>
    <Midl Include="MainWindow.idl" />
    <Midl Include="Models\MediaMetadata.idl">
      <Filter>Services</Filter>
    </Midl>
    <Midl Include="Services\PlayerService.idl">
      <Filter>Services</Filter>
    </Midl>
    <Midl Include="Converters\DurationToStringConverter.idl">
      <Filter>Converters</Filter>
    </Midl>
    <Midl Include="Converters\EmptyStringToDefaultConverter.idl">
      <Filter>Converters</Filter>
    </Midl>
    <Midl Include="Converters\IsSelectedColorConverter.idl">
      <Filter>Converters</Filter>
    </Midl>
    <Midl Include="Converters\DateToStringConverter.idl">
      <Filter>Converters</Filter>
    </Midl>
    <Midl Include="Framework\BindableBase.idl">
      <Filter>Framework</Filter>
    </Midl>
    <Midl Include="Framework\DelegateCommand.idl">
      <Filter>Framework</Filter>
    </Midl>
    <Midl Include="ViewModels\PlaylistViewModel.idl">
      <Filter>ViewModels</Filter>
    </Midl>
    <Midl Include="ViewModels\MainPageViewModel.idl">
      <Filter>ViewModels</Filter>
    </Midl>
    <Midl Include="ViewModels\MenuBarControlViewModel.idl">
      <Filter>ViewModels</Filter>
    </Midl>
    <Midl Include="Models\SubtitleStream.idl">
      <Filter>Media</Filter>
    </Midl>
    <Midl Include="Pages\PlaylistPage.idl">
      <Filter>Pages</Filter>
    </Midl>
    <Midl Include="ViewModels\RecorderViewModel.idl">
      <Filter>ViewModels</Filter>
    </Midl>
    <Midl Include="ViewModels\PiPWindowViewModel.idl" />
  </ItemGroup>
  <ItemGroup>
    <ClCompile Include="pch.cpp" />
    <ClCompile Include="$(GeneratedFilesDir)module.g.cpp" />
    <ClCompile Include="Media\MediaEngineWrapper.cpp">
      <Filter>Media</Filter>
    </ClCompile>
    <ClCompile Include="Media\MediaEngineExtension.cpp">
      <Filter>Media</Filter>
    </ClCompile>
    <ClCompile Include="Media\MediaFoundationSourceWrapper.cpp">
      <Filter>Media</Filter>
    </ClCompile>
    <ClCompile Include="Media\MediaFoundationStreamWrapper.cpp">
      <Filter>Media</Filter>
    </ClCompile>
    <ClCompile Include="Media\MediaEngineNotifyImpl.cpp">
      <Filter>Media</Filter>
    </ClCompile>
    <ClCompile Include="Services\PlayerService.cpp">
      <Filter>Services</Filter>
    </ClCompile>
    <ClCompile Include="Utils.cpp" />
    <ClCompile Include="Converters\DurationToStringConverter.cpp">
      <Filter>Converters</Filter>
    </ClCompile>
    <ClCompile Include="Converters\EmptyStringToDefaultConverter.cpp">
      <Filter>Converters</Filter>
    </ClCompile>
    <ClCompile Include="Converters\DateToStringConverter.cpp">
      <Filter>Converters</Filter>
    </ClCompile>
    <ClCompile Include="Framework\BindableBase.cpp">
      <Filter>Framework</Filter>
    </ClCompile>
    <ClCompile Include="Framework\DelegateCommand.cpp">
      <Filter>Framework</Filter>
    </ClCompile>
    <ClCompile Include="Converters\IsSelectedColorConverter.cpp">
      <Filter>Converters</Filter>
    </ClCompile>
    <ClCompile Include="ViewModels\PlaylistViewModel.cpp">
      <Filter>ViewModels</Filter>
    </ClCompile>
    <ClCompile Include="ViewModels\MainPageViewModel.cpp">
      <Filter>ViewModels</Filter>
    </ClCompile>
    <ClCompile Include="ViewModels\MenuBarControlViewModel.cpp">
      <Filter>ViewModels</Filter>
    </ClCompile>
    <ClCompile Include="Media\FfmpegDecoder.cpp">
      <Filter>Media</Filter>
    </ClCompile>
    <ClCompile Include="DirectX\TexturePlaneRenderer.cpp">
      <Filter>DirectX</Filter>
    </ClCompile>
    <ClCompile Include="DirectX\DirectXUtils.cpp">
      <Filter>DirectX</Filter>
    </ClCompile>
    <ClCompile Include="DirectX\DeviceResources.cpp">
      <Filter>DirectX</Filter>
    </ClCompile>
    <ClCompile Include="DirectX\TextRenderer.cpp">
      <Filter>DirectX</Filter>
    </ClCompile>
    <ClCompile Include="Media\XAudio2Player.cpp">
      <Filter>Media</Filter>
    </ClCompile>
    <ClCompile Include="Media\XAudioStreamCallback.cpp">
      <Filter>Media</Filter>
    </ClCompile>
    <ClCompile Include="ViewModels\RecorderViewModel.cpp">
      <Filter>ViewModels</Filter>
    </ClCompile>
    <ClCompile Include="ViewModels\PiPWindowViewModel.cpp" />
    <ClCompile Include="Media\MediaUrlGetter.cpp" />
  </ItemGroup>
  <ItemGroup>
    <ClInclude Include="pch.h" />
    <ClInclude Include="Media\MediaEngineWrapper.h">
      <Filter>Media</Filter>
    </ClInclude>
    <ClInclude Include="Media\MediaEngineExtension.h">
      <Filter>Media</Filter>
    </ClInclude>
    <ClInclude Include="Media\MediaFoundationSourceWrapper.h">
      <Filter>Media</Filter>
    </ClInclude>
    <ClInclude Include="Media\MediaFoundationStreamWrapper.h">
      <Filter>Media</Filter>
    </ClInclude>
    <ClInclude Include="Media\MediaEngineNotifyImpl.h">
      <Filter>Media</Filter>
    </ClInclude>
    <ClInclude Include="Services\PlayerService.h">
      <Filter>Services</Filter>
    </ClInclude>
    <ClInclude Include="Utils.h" />
    <ClInclude Include="Converters\DurationToStringConverter.h">
      <Filter>Converters</Filter>
    </ClInclude>
    <ClInclude Include="Converters\EmptyStringToDefaultConverter.h">
      <Filter>Converters</Filter>
    </ClInclude>
    <ClInclude Include="Converters\DateToStringConverter.h">
      <Filter>Converters</Filter>
    </ClInclude>
    <ClInclude Include="Framework\BindableBase.h">
      <Filter>Framework</Filter>
    </ClInclude>
    <ClInclude Include="Framework\DelegateCommand.h">
      <Filter>Framework</Filter>
    </ClInclude>
    <ClInclude Include="Converters\IsSelectedColorConverter.h">
      <Filter>Converters</Filter>
    </ClInclude>
    <ClInclude Include="ViewModels\PlaylistViewModel.h">
      <Filter>ViewModels</Filter>
    </ClInclude>
    <ClInclude Include="ViewModels\MainPageViewModel.h">
      <Filter>ViewModels</Filter>
    </ClInclude>
    <ClInclude Include="ViewModels\MenuBarControlViewModel.h">
      <Filter>ViewModels</Filter>
    </ClInclude>
    <ClInclude Include="Media\FfmpegDecoder.h">
      <Filter>Media</Filter>
    </ClInclude>
    <ClInclude Include="DirectX\TexturePlaneRenderer.h">
      <Filter>DirectX</Filter>
    </ClInclude>
    <ClInclude Include="DirectX\DirectXUtils.h">
      <Filter>DirectX</Filter>
    </ClInclude>
    <ClInclude Include="DirectX\DeviceResources.h">
      <Filter>DirectX</Filter>
    </ClInclude>
    <ClInclude Include="DirectX\TextRenderer.h">
      <Filter>DirectX</Filter>
    </ClInclude>
    <ClInclude Include="Media\XAudio2Player.h">
      <Filter>Media</Filter>
    </ClInclude>
    <ClInclude Include="Media\XAudioStreamCallback.h">
      <Filter>Media</Filter>
    </ClInclude>
    <ClInclude Include="Media\MediaConfig.h">
      <Filter>Media</Filter>
    </ClInclude>
    <ClInclude Include="ViewModels\RecorderViewModel.h">
      <Filter>ViewModels</Filter>
    </ClInclude>
    <ClInclude Include="ViewModels\PiPWindowViewModel.h" />
    <ClInclude Include="Media\MediaUrlGetter.h" />
  </ItemGroup>
  <ItemGroup>
    <Image Include="Assets\Wide310x150Logo.scale-200.png">
      <Filter>Assets</Filter>
    </Image>
    <Image Include="Assets\StoreLogo.png">
      <Filter>Assets</Filter>
    </Image>
    <Image Include="Assets\Square150x150Logo.scale-200.png">
      <Filter>Assets</Filter>
    </Image>
    <Image Include="Assets\Square44x44Logo.targetsize-24_altform-unplated.png">
      <Filter>Assets</Filter>
    </Image>
    <Image Include="Assets\Square44x44Logo.scale-200.png">
      <Filter>Assets</Filter>
    </Image>
    <Image Include="Assets\SplashScreen.scale-200.png">
      <Filter>Assets</Filter>
    </Image>
    <Image Include="Assets\LockScreenLogo.scale-200.png">
      <Filter>Assets</Filter>
    </Image>
    <Image Include="Assets\RightSkipIcon.png">
      <Filter>Assets</Filter>
    </Image>
    <Image Include="Assets\PlayIcon.png">
      <Filter>Assets</Filter>
    </Image>
    <Image Include="Assets\PauseIcon.png">
      <Filter>Assets</Filter>
    </Image>
    <Image Include="Assets\LeftSkipIcon.png">
      <Filter>Assets</Filter>
    </Image>
    <Image Include="Assets\PipModeIcon.png" />
  </ItemGroup>
  <ItemGroup>
    <Filter Include="Assets">
      <UniqueIdentifier>{46508b76-36b6-44b4-82f0-3443e8b5401e}</UniqueIdentifier>
    </Filter>
    <Filter Include="Pages">
      <UniqueIdentifier>{694894a6-3cc9-4f45-b2d6-d171d48b7143}</UniqueIdentifier>
    </Filter>
    <Filter Include="Services">
      <UniqueIdentifier>{5eb1d097-c39b-4b4c-8b04-3924927a145d}</UniqueIdentifier>
    </Filter>
    <Filter Include="Media">
      <UniqueIdentifier>{471ae2cf-0051-4778-946b-200d4e83be82}</UniqueIdentifier>
    </Filter>
    <Filter Include="Converters">
      <UniqueIdentifier>{1be7b333-b186-493e-92a8-6463361d3829}</UniqueIdentifier>
    </Filter>
    <Filter Include="Controls">
      <UniqueIdentifier>{c93d4b24-e8be-45e0-a16b-a700a2ed5045}</UniqueIdentifier>
    </Filter>
    <Filter Include="ViewModels">
      <UniqueIdentifier>{1b8c01db-5925-4285-8c59-0467fb8d06e0}</UniqueIdentifier>
    </Filter>
    <Filter Include="Framework">
      <UniqueIdentifier>{9a7082bf-7d7d-4906-96c7-bfbf0071fe2e}</UniqueIdentifier>
    </Filter>
    <Filter Include="DirectX">
      <UniqueIdentifier>{6a4289a7-df99-48bd-a3ee-83c65405c60f}</UniqueIdentifier>
    </Filter>
  </ItemGroup>
  <ItemGroup>
    <Manifest Include="app.manifest" />
  </ItemGroup>
  <ItemGroup>
    <AppxManifest Include="Package.appxmanifest" />
  </ItemGroup>
  <ItemGroup>
    <None Include="packages.config" />
    <None Include="C:\Users\Danyil\Desktop\dlp\yt-dlp.exe" />
    <None Include="Assets\yt-dlp.exe" />
  </ItemGroup>
  <ItemGroup>
    <Natvis Include="$(MSBuildThisFileDirectory)..\..\natvis\wil.natvis" />
  </ItemGroup>
  <ItemGroup>
    <FxCompile Include="Assets\PlanePS.hlsl">
      <Filter>Assets</Filter>
    </FxCompile>
    <FxCompile Include="Assets\PlaneVS.hlsl">
      <Filter>Assets</Filter>
    </FxCompile>
  </ItemGroup>
</Project>